// !$*UTF8*$!
{
	archiveVersion = 1;
	classes = {
	};
	objectVersion = 46;
	objects = {

/* Begin PBXBuildFile section */
		04633DAA1C3BA4B3007DCA49 /* ColorRGBA.swift in Sources */ = {isa = PBXBuildFile; fileRef = 04633DA91C3BA4B3007DCA49 /* ColorRGBA.swift */; };
		049338A31C3B78C500F795D7 /* AppDelegate.swift in Sources */ = {isa = PBXBuildFile; fileRef = 049338A21C3B78C500F795D7 /* AppDelegate.swift */; };
		049338A51C3B78C500F795D7 /* Assets.xcassets in Resources */ = {isa = PBXBuildFile; fileRef = 049338A41C3B78C500F795D7 /* Assets.xcassets */; };
		049338A81C3B78C500F795D7 /* MainMenu.xib in Resources */ = {isa = PBXBuildFile; fileRef = 049338A61C3B78C500F795D7 /* MainMenu.xib */; };
		049338B11C3B7A4A00F795D7 /* MasterViewController.swift in Sources */ = {isa = PBXBuildFile; fileRef = 049338AF1C3B7A4A00F795D7 /* MasterViewController.swift */; };
		049338B21C3B7A4A00F795D7 /* MasterViewController.xib in Resources */ = {isa = PBXBuildFile; fileRef = 049338B01C3B7A4A00F795D7 /* MasterViewController.xib */; };
/* End PBXBuildFile section */

/* Begin PBXFileReference section */
		04633DA91C3BA4B3007DCA49 /* ColorRGBA.swift */ = {isa = PBXFileReference; fileEncoding = 4; lastKnownFileType = sourcecode.swift; path = ColorRGBA.swift; sourceTree = "<group>"; };
		0493389F1C3B78C500F795D7 /* rgba2hex.app */ = {isa = PBXFileReference; explicitFileType = wrapper.application; includeInIndex = 0; path = rgba2hex.app; sourceTree = BUILT_PRODUCTS_DIR; };
		049338A21C3B78C500F795D7 /* AppDelegate.swift */ = {isa = PBXFileReference; lastKnownFileType = sourcecode.swift; path = AppDelegate.swift; sourceTree = "<group>"; };
		049338A41C3B78C500F795D7 /* Assets.xcassets */ = {isa = PBXFileReference; lastKnownFileType = folder.assetcatalog; path = Assets.xcassets; sourceTree = "<group>"; };
		049338A71C3B78C500F795D7 /* Base */ = {isa = PBXFileReference; lastKnownFileType = file.xib; name = Base; path = Base.lproj/MainMenu.xib; sourceTree = "<group>"; };
		049338A91C3B78C500F795D7 /* Info.plist */ = {isa = PBXFileReference; lastKnownFileType = text.plist.xml; path = Info.plist; sourceTree = "<group>"; };
		049338AF1C3B7A4A00F795D7 /* MasterViewController.swift */ = {isa = PBXFileReference; fileEncoding = 4; lastKnownFileType = sourcecode.swift; path = MasterViewController.swift; sourceTree = "<group>"; };
		049338B01C3B7A4A00F795D7 /* MasterViewController.xib */ = {isa = PBXFileReference; fileEncoding = 4; lastKnownFileType = file.xib; path = MasterViewController.xib; sourceTree = "<group>"; };
/* End PBXFileReference section */

/* Begin PBXFrameworksBuildPhase section */
		0493389C1C3B78C500F795D7 /* Frameworks */ = {
			isa = PBXFrameworksBuildPhase;
			buildActionMask = 2147483647;
			files = (
			);
			runOnlyForDeploymentPostprocessing = 0;
		};
/* End PBXFrameworksBuildPhase section */

/* Begin PBXGroup section */
		049338961C3B78C500F795D7 = {
			isa = PBXGroup;
			children = (
				049338A11C3B78C500F795D7 /* rgba2hex */,
				049338A01C3B78C500F795D7 /* Products */,
			);
			sourceTree = "<group>";
		};
		049338A01C3B78C500F795D7 /* Products */ = {
			isa = PBXGroup;
			children = (
				0493389F1C3B78C500F795D7 /* rgba2hex.app */,
			);
			name = Products;
			sourceTree = "<group>";
		};
		049338A11C3B78C500F795D7 /* rgba2hex */ = {
			isa = PBXGroup;
			children = (
				049338B41C3B7D5800F795D7 /* Model */,
				049338B31C3B7D3600F795D7 /* GUI */,
				049338A41C3B78C500F795D7 /* Assets.xcassets */,
				049338A91C3B78C500F795D7 /* Info.plist */,
			);
			path = rgba2hex;
			sourceTree = "<group>";
		};
		049338B31C3B7D3600F795D7 /* GUI */ = {
			isa = PBXGroup;
			children = (
				049338A61C3B78C500F795D7 /* MainMenu.xib */,
				049338A21C3B78C500F795D7 /* AppDelegate.swift */,
				049338AF1C3B7A4A00F795D7 /* MasterViewController.swift */,
				049338B01C3B7A4A00F795D7 /* MasterViewController.xib */,
			);
			name = GUI;
			sourceTree = "<group>";
		};
		049338B41C3B7D5800F795D7 /* Model */ = {
			isa = PBXGroup;
			children = (
				04633DA91C3BA4B3007DCA49 /* ColorRGBA.swift */,
			);
			name = Model;
			sourceTree = "<group>";
		};
/* End PBXGroup section */

/* Begin PBXNativeTarget section */
		0493389E1C3B78C500F795D7 /* rgba2hex */ = {
			isa = PBXNativeTarget;
			buildConfigurationList = 049338AC1C3B78C500F795D7 /* Build configuration list for PBXNativeTarget "rgba2hex" */;
			buildPhases = (
				0493389B1C3B78C500F795D7 /* Sources */,
				0493389C1C3B78C500F795D7 /* Frameworks */,
				0493389D1C3B78C500F795D7 /* Resources */,
			);
			buildRules = (
			);
			dependencies = (
			);
			name = rgba2hex;
			productName = rgba2hex;
			productReference = 0493389F1C3B78C500F795D7 /* rgba2hex.app */;
			productType = "com.apple.product-type.application";
		};
/* End PBXNativeTarget section */

/* Begin PBXProject section */
		049338971C3B78C500F795D7 /* Project object */ = {
			isa = PBXProject;
			attributes = {
				LastSwiftUpdateCheck = 0720;
				LastUpgradeCheck = 0720;
				ORGANIZATIONNAME = James;
				TargetAttributes = {
					0493389E1C3B78C500F795D7 = {
						CreatedOnToolsVersion = 7.2;
					};
				};
			};
			buildConfigurationList = 0493389A1C3B78C500F795D7 /* Build configuration list for PBXProject "rgba2hex" */;
			compatibilityVersion = "Xcode 3.2";
			developmentRegion = English;
			hasScannedForEncodings = 0;
			knownRegions = (
				en,
				Base,
			);
			mainGroup = 049338961C3B78C500F795D7;
			productRefGroup = 049338A01C3B78C500F795D7 /* Products */;
			projectDirPath = "";
			projectRoot = "";
			targets = (
				0493389E1C3B78C500F795D7 /* rgba2hex */,
			);
		};
/* End PBXProject section */

/* Begin PBXResourcesBuildPhase section */
		0493389D1C3B78C500F795D7 /* Resources */ = {
			isa = PBXResourcesBuildPhase;
			buildActionMask = 2147483647;
			files = (
				049338A51C3B78C500F795D7 /* Assets.xcassets in Resources */,
				049338A81C3B78C500F795D7 /* MainMenu.xib in Resources */,
				049338B21C3B7A4A00F795D7 /* MasterViewController.xib in Resources */,
			);
			runOnlyForDeploymentPostprocessing = 0;
		};
/* End PBXResourcesBuildPhase section */

/* Begin PBXSourcesBuildPhase section */
		0493389B1C3B78C500F795D7 /* Sources */ = {
			isa = PBXSourcesBuildPhase;
			buildActionMask = 2147483647;
			files = (
				04633DAA1C3BA4B3007DCA49 /* ColorRGBA.swift in Sources */,
				049338B11C3B7A4A00F795D7 /* MasterViewController.swift in Sources */,
				049338A31C3B78C500F795D7 /* AppDelegate.swift in Sources */,
			);
			runOnlyForDeploymentPostprocessing = 0;
		};
/* End PBXSourcesBuildPhase section */

/* Begin PBXVariantGroup section */
		049338A61C3B78C500F795D7 /* MainMenu.xib */ = {
			isa = PBXVariantGroup;
			children = (
				049338A71C3B78C500F795D7 /* Base */,
			);
			name = MainMenu.xib;
			sourceTree = "<group>";
		};
/* End PBXVariantGroup section */

/* Begin XCBuildConfiguration section */
		049338AA1C3B78C500F795D7 /* Debug */ = {
			isa = XCBuildConfiguration;
			buildSettings = {
				ALWAYS_SEARCH_USER_PATHS = NO;
				CLANG_CXX_LANGUAGE_STANDARD = "gnu++0x";
				CLANG_CXX_LIBRARY = "libc++";
				CLANG_ENABLE_MODULES = YES;
				CLANG_ENABLE_OBJC_ARC = YES;
				CLANG_WARN_BOOL_CONVERSION = YES;
				CLANG_WARN_CONSTANT_CONVERSION = YES;
				CLANG_WARN_DIRECT_OBJC_ISA_USAGE = YES_ERROR;
				CLANG_WARN_EMPTY_BODY = YES;
				CLANG_WARN_ENUM_CONVERSION = YES;
				CLANG_WARN_INT_CONVERSION = YES;
				CLANG_WARN_OBJC_ROOT_CLASS = YES_ERROR;
				CLANG_WARN_UNREACHABLE_CODE = YES;
				CLANG_WARN__DUPLICATE_METHOD_MATCH = YES;
				CODE_SIGN_IDENTITY = "-";
				COPY_PHASE_STRIP = NO;
				DEBUG_INFORMATION_FORMAT = dwarf;
				ENABLE_STRICT_OBJC_MSGSEND = YES;
				ENABLE_TESTABILITY = YES;
				GCC_C_LANGUAGE_STANDARD = gnu99;
				GCC_DYNAMIC_NO_PIC = NO;
				GCC_NO_COMMON_BLOCKS = YES;
				GCC_OPTIMIZATION_LEVEL = 0;
				GCC_PREPROCESSOR_DEFINITIONS = (
					"DEBUG=1",
					"$(inherited)",
				);
				GCC_WARN_64_TO_32_BIT_CONVERSION = YES;
				GCC_WARN_ABOUT_RETURN_TYPE = YES_ERROR;
				GCC_WARN_UNDECLARED_SELECTOR = YES;
				GCC_WARN_UNINITIALIZED_AUTOS = YES_AGGRESSIVE;
				GCC_WARN_UNUSED_FUNCTION = YES;
				GCC_WARN_UNUSED_VARIABLE = YES;
				MACOSX_DEPLOYMENT_TARGET = 10.11;
				MTL_ENABLE_DEBUG_INFO = YES;
				ONLY_ACTIVE_ARCH = YES;
				SDKROOT = macosx;
				SWIFT_OPTIMIZATION_LEVEL = "-Onone";
			};
			name = Debug;
		};
		049338AB1C3B78C500F795D7 /* Release */ = {
			isa = XCBuildConfiguration;
			buildSettings = {
				ALWAYS_SEARCH_USER_PATHS = NO;
				CLANG_CXX_LANGUAGE_STANDARD = "gnu++0x";
				CLANG_CXX_LIBRARY = "libc++";
				CLANG_ENABLE_MODULES = YES;
				CLANG_ENABLE_OBJC_ARC = YES;
				CLANG_WARN_BOOL_CONVERSION = YES;
				CLANG_WARN_CONSTANT_CONVERSION = YES;
				CLANG_WARN_DIRECT_OBJC_ISA_USAGE = YES_ERROR;
				CLANG_WARN_EMPTY_BODY = YES;
				CLANG_WARN_ENUM_CONVERSION = YES;
				CLANG_WARN_INT_CONVERSION = YES;
				CLANG_WARN_OBJC_ROOT_CLASS = YES_ERROR;
				CLANG_WARN_UNREACHABLE_CODE = YES;
				CLANG_WARN__DUPLICATE_METHOD_MATCH = YES;
				CODE_SIGN_IDENTITY = "-";
				COPY_PHASE_STRIP = NO;
				DEBUG_INFORMATION_FORMAT = "dwarf-with-dsym";
				ENABLE_NS_ASSERTIONS = NO;
				ENABLE_STRICT_OBJC_MSGSEND = YES;
				GCC_C_LANGUAGE_STANDARD = gnu99;
				GCC_NO_COMMON_BLOCKS = YES;
				GCC_WARN_64_TO_32_BIT_CONVERSION = YES;
				GCC_WARN_ABOUT_RETURN_TYPE = YES_ERROR;
				GCC_WARN_UNDECLARED_SELECTOR = YES;
				GCC_WARN_UNINITIALIZED_AUTOS = YES_AGGRESSIVE;
				GCC_WARN_UNUSED_FUNCTION = YES;
				GCC_WARN_UNUSED_VARIABLE = YES;
				MACOSX_DEPLOYMENT_TARGET = 10.11;
				MTL_ENABLE_DEBUG_INFO = NO;
				ONLY_ACTIVE_ARCH = NO;
				SDKROOT = macosx;
			};
			name = Release;
		};
		049338AD1C3B78C500F795D7 /* Debug */ = {
			isa = XCBuildConfiguration;
			buildSettings = {
				ASSETCATALOG_COMPILER_APPICON_NAME = AppIcon;
				COMBINE_HIDPI_IMAGES = YES;
				INFOPLIST_FILE = rgba2hex/Info.plist;
				LD_RUNPATH_SEARCH_PATHS = "$(inherited) @executable_path/../Frameworks";
				PRODUCT_BUNDLE_IDENTIFIER = bochunhu.dev.rgba2hex;
				PRODUCT_NAME = "$(TARGET_NAME)";
			};
			name = Debug;
		};
		049338AE1C3B78C500F795D7 /* Release */ = {
			isa = XCBuildConfiguration;
			buildSettings = {
				ASSETCATALOG_COMPILER_APPICON_NAME = AppIcon;
				COMBINE_HIDPI_IMAGES = YES;
				INFOPLIST_FILE = rgba2hex/Info.plist;
				LD_RUNPATH_SEARCH_PATHS = "$(inherited) @executable_path/../Frameworks";
				PRODUCT_BUNDLE_IDENTIFIER = bochunhu.dev.rgba2hex;
				PRODUCT_NAME = "$(TARGET_NAME)";
			};
			name = Release;
		};
/* End XCBuildConfiguration section */

/* Begin XCConfigurationList section */
		0493389A1C3B78C500F795D7 /* Build configuration list for PBXProject "rgba2hex" */ = {
			isa = XCConfigurationList;
			buildConfigurations = (
				049338AA1C3B78C500F795D7 /* Debug */,
				049338AB1C3B78C500F795D7 /* Release */,
			);
			defaultConfigurationIsVisible = 0;
			defaultConfigurationName = Release;
		};
		049338AC1C3B78C500F795D7 /* Build configuration list for PBXNativeTarget "rgba2hex" */ = {
			isa = XCConfigurationList;
			buildConfigurations = (
				049338AD1C3B78C500F795D7 /* Debug */,
				049338AE1C3B78C500F795D7 /* Release */,
			);
			defaultConfigurationIsVisible = 0;
			defaultConfigurationName = Release;
		};
/* End XCConfigurationList section */
	};
	rootObject = 049338971C3B78C500F795D7 /* Project object */;
}
